
Microsoft Visual Studio Solution File, Format Version 12.00
# Visual Studio Version 16
VisualStudioVersion = 16.0.33027.164
MinimumVisualStudioVersion = 10.0.40219.1
Project("{FAE04EC0-301F-11D3-BF4B-00C04F79EFBC}") = "lab1ex8", "lab1ex8\lab1ex8.csproj", "{EF718B0E-31EC-4030-82F3-BDB22AE75AEE}"
EndProject
Global
	GlobalSection(SolutionConfigurationPlatforms) = preSolution
		Debug|Any CPU = Debug|Any CPU
		Release|Any CPU = Release|Any CPU
	EndGlobalSection
	GlobalSection(ProjectConfigurationPlatforms) = postSolution
		{EF718B0E-31EC-4030-82F3-BDB22AE75AEE}.Debug|Any CPU.ActiveCfg = Debug|Any CPU
		{EF718B0E-31EC-4030-82F3-BDB22AE75AEE}.Debug|Any CPU.Build.0 = Debug|Any CPU
		{EF718B0E-31EC-4030-82F3-BDB22AE75AEE}.Release|Any CPU.ActiveCfg = Release|Any CPU
		{EF718B0E-31EC-4030-82F3-BDB22AE75AEE}.Release|Any CPU.Build.0 = Release|Any CPU
	EndGlobalSection
	GlobalSection(SolutionProperties) = preSolution
		HideSolutionNode = FALSE
	EndGlobalSection
	GlobalSection(ExtensibilityGlobals) = postSolution
		SolutionGuid = {C90D5184-B25E-407E-9608-EF99F1429AC1}
	EndGlobalSection
EndGlobal
